
Microsoft Visual Studio Solution File, Format Version 12.00
# Visual Studio 15
VisualStudioVersion = 15.0.26730.16
MinimumVisualStudioVersion = 10.0.40219.1
Project("{FAE04EC0-301F-11D3-BF4B-00C04F79EFBC}") = "03-ASP-MVC-Base", "03-ASP-MVC-Base\03-ASP-MVC-Base.csproj", "{4E301E6C-B1D2-4E20-95AF-1650B2731BCF}"
EndProject
Global
	GlobalSection(SolutionConfigurationPlatforms) = preSolution
		Debug|Any CPU = Debug|Any CPU
		Release|Any CPU = Release|Any CPU
	EndGlobalSection
	GlobalSection(ProjectConfigurationPlatforms) = postSolution
		{4E301E6C-B1D2-4E20-95AF-1650B2731BCF}.Debug|Any CPU.ActiveCfg = Debug|Any CPU
		{4E301E6C-B1D2-4E20-95AF-1650B2731BCF}.Debug|Any CPU.Build.0 = Debug|Any CPU
		{4E301E6C-B1D2-4E20-95AF-1650B2731BCF}.Release|Any CPU.ActiveCfg = Release|Any CPU
		{4E301E6C-B1D2-4E20-95AF-1650B2731BCF}.Release|Any CPU.Build.0 = Release|Any CPU
	EndGlobalSection
	GlobalSection(SolutionProperties) = preSolution
		HideSolutionNode = FALSE
	EndGlobalSection
	GlobalSection(ExtensibilityGlobals) = postSolution
		SolutionGuid = {DA85299F-C832-442D-81AA-27C505BAD5C4}
	EndGlobalSection
EndGlobal
