
Microsoft Visual Studio Solution File, Format Version 12.00
# Visual Studio 15
VisualStudioVersion = 15.0.26730.12
MinimumVisualStudioVersion = 10.0.40219.1
Project("{FAE04EC0-301F-11D3-BF4B-00C04F79EFBC}") = "02-HelloWorld-WPF", "02-HelloWorld-WPF\02-HelloWorld-WPF.csproj", "{6BCF5598-C4D0-459D-888E-04950E2C9508}"
EndProject
Global
	GlobalSection(SolutionConfigurationPlatforms) = preSolution
		Debug|Any CPU = Debug|Any CPU
		Release|Any CPU = Release|Any CPU
	EndGlobalSection
	GlobalSection(ProjectConfigurationPlatforms) = postSolution
		{6BCF5598-C4D0-459D-888E-04950E2C9508}.Debug|Any CPU.ActiveCfg = Debug|Any CPU
		{6BCF5598-C4D0-459D-888E-04950E2C9508}.Debug|Any CPU.Build.0 = Debug|Any CPU
		{6BCF5598-C4D0-459D-888E-04950E2C9508}.Release|Any CPU.ActiveCfg = Release|Any CPU
		{6BCF5598-C4D0-459D-888E-04950E2C9508}.Release|Any CPU.Build.0 = Release|Any CPU
	EndGlobalSection
	GlobalSection(SolutionProperties) = preSolution
		HideSolutionNode = FALSE
	EndGlobalSection
	GlobalSection(ExtensibilityGlobals) = postSolution
		SolutionGuid = {8A7D75C0-88E3-422C-8B10-2A899D68A191}
	EndGlobalSection
EndGlobal
