
Microsoft Visual Studio Solution File, Format Version 12.00
# Visual Studio 15
VisualStudioVersion = 15.0.27004.2010
MinimumVisualStudioVersion = 10.0.40219.1
Project("{E24C65DC-7377-472B-9ABA-BC803B73C61A}") = "AJAX", "..\Sistemas de Gestión\AJAX\", "{94B57B02-B7D0-4A4A-9DC5-4F2F1D426BF6}"
	ProjectSection(WebsiteProperties) = preProject
		TargetFrameworkMoniker = ".NETFramework,Version%3Dv4.6.1"
		Debug.AspNetCompiler.VirtualPath = "/localhost_62299"
		Debug.AspNetCompiler.PhysicalPath = "..\Sistemas de Gestión\AJAX\"
		Debug.AspNetCompiler.TargetPath = "PrecompiledWeb\localhost_62299\"
		Debug.AspNetCompiler.Updateable = "true"
		Debug.AspNetCompiler.ForceOverwrite = "true"
		Debug.AspNetCompiler.FixedNames = "false"
		Debug.AspNetCompiler.Debug = "True"
		Release.AspNetCompiler.VirtualPath = "/localhost_62299"
		Release.AspNetCompiler.PhysicalPath = "..\Sistemas de Gestión\AJAX\"
		Release.AspNetCompiler.TargetPath = "PrecompiledWeb\localhost_62299\"
		Release.AspNetCompiler.Updateable = "true"
		Release.AspNetCompiler.ForceOverwrite = "true"
		Release.AspNetCompiler.FixedNames = "false"
		Release.AspNetCompiler.Debug = "False"
		VWDPort = "62299"
		SlnRelativePath = "..\Sistemas de Gestión\AJAX\"
		DefaultWebSiteLanguage = "Visual C#"
	EndProjectSection
EndProject
Global
	GlobalSection(SolutionConfigurationPlatforms) = preSolution
		Debug|Any CPU = Debug|Any CPU
	EndGlobalSection
	GlobalSection(ProjectConfigurationPlatforms) = postSolution
		{94B57B02-B7D0-4A4A-9DC5-4F2F1D426BF6}.Debug|Any CPU.ActiveCfg = Debug|Any CPU
		{94B57B02-B7D0-4A4A-9DC5-4F2F1D426BF6}.Debug|Any CPU.Build.0 = Debug|Any CPU
	EndGlobalSection
	GlobalSection(SolutionProperties) = preSolution
		HideSolutionNode = FALSE
	EndGlobalSection
	GlobalSection(ExtensibilityGlobals) = postSolution
		SolutionGuid = {EDED389B-8F10-457E-BA72-FCC265106CE0}
	EndGlobalSection
EndGlobal
