
Microsoft Visual Studio Solution File, Format Version 12.00
# Visual Studio 15
VisualStudioVersion = 15.0.26730.16
MinimumVisualStudioVersion = 10.0.40219.1
Project("{FAE04EC0-301F-11D3-BF4B-00C04F79EFBC}") = "CRUDPersonas-UI", "CRUDPersonas-UI\CRUDPersonas-UI.csproj", "{7DB597E8-4E87-422F-ACAD-D8F0335FEE13}"
EndProject
Project("{FAE04EC0-301F-11D3-BF4B-00C04F79EFBC}") = "CRUDPersonas-Entidades", "CRUDPersonas-Entidades\CRUDPersonas-Entidades.csproj", "{FACB8C51-19AD-4677-8253-F14D58063CBF}"
EndProject
Project("{FAE04EC0-301F-11D3-BF4B-00C04F79EFBC}") = "CRUDPersonas-DAL", "CRUDPersonas-DAL\CRUDPersonas-DAL.csproj", "{19024975-1ADB-4AB7-9021-1E43AE42127F}"
EndProject
Project("{FAE04EC0-301F-11D3-BF4B-00C04F79EFBC}") = "CRUDPersonas-BL", "CRUDPersonas-BL\CRUDPersonas-BL.csproj", "{5A68C697-20F7-440B-B9D7-2C3CCC0CA7A5}"
EndProject
Global
	GlobalSection(SolutionConfigurationPlatforms) = preSolution
		Debug|Any CPU = Debug|Any CPU
		Release|Any CPU = Release|Any CPU
	EndGlobalSection
	GlobalSection(ProjectConfigurationPlatforms) = postSolution
		{7DB597E8-4E87-422F-ACAD-D8F0335FEE13}.Debug|Any CPU.ActiveCfg = Debug|Any CPU
		{7DB597E8-4E87-422F-ACAD-D8F0335FEE13}.Debug|Any CPU.Build.0 = Debug|Any CPU
		{7DB597E8-4E87-422F-ACAD-D8F0335FEE13}.Release|Any CPU.ActiveCfg = Release|Any CPU
		{7DB597E8-4E87-422F-ACAD-D8F0335FEE13}.Release|Any CPU.Build.0 = Release|Any CPU
		{FACB8C51-19AD-4677-8253-F14D58063CBF}.Debug|Any CPU.ActiveCfg = Debug|Any CPU
		{FACB8C51-19AD-4677-8253-F14D58063CBF}.Debug|Any CPU.Build.0 = Debug|Any CPU
		{FACB8C51-19AD-4677-8253-F14D58063CBF}.Release|Any CPU.ActiveCfg = Release|Any CPU
		{FACB8C51-19AD-4677-8253-F14D58063CBF}.Release|Any CPU.Build.0 = Release|Any CPU
		{19024975-1ADB-4AB7-9021-1E43AE42127F}.Debug|Any CPU.ActiveCfg = Debug|Any CPU
		{19024975-1ADB-4AB7-9021-1E43AE42127F}.Debug|Any CPU.Build.0 = Debug|Any CPU
		{19024975-1ADB-4AB7-9021-1E43AE42127F}.Release|Any CPU.ActiveCfg = Release|Any CPU
		{19024975-1ADB-4AB7-9021-1E43AE42127F}.Release|Any CPU.Build.0 = Release|Any CPU
		{5A68C697-20F7-440B-B9D7-2C3CCC0CA7A5}.Debug|Any CPU.ActiveCfg = Debug|Any CPU
		{5A68C697-20F7-440B-B9D7-2C3CCC0CA7A5}.Debug|Any CPU.Build.0 = Debug|Any CPU
		{5A68C697-20F7-440B-B9D7-2C3CCC0CA7A5}.Release|Any CPU.ActiveCfg = Release|Any CPU
		{5A68C697-20F7-440B-B9D7-2C3CCC0CA7A5}.Release|Any CPU.Build.0 = Release|Any CPU
	EndGlobalSection
	GlobalSection(SolutionProperties) = preSolution
		HideSolutionNode = FALSE
	EndGlobalSection
	GlobalSection(ExtensibilityGlobals) = postSolution
		SolutionGuid = {3C7CFBED-CA8F-4BFE-8459-F9AF23073BAF}
	EndGlobalSection
EndGlobal
