
Microsoft Visual Studio Solution File, Format Version 12.00
# Visual Studio 15
VisualStudioVersion = 15.0.26730.16
MinimumVisualStudioVersion = 10.0.40219.1
Project("{FAE04EC0-301F-11D3-BF4B-00C04F79EFBC}") = "08-SG-LeerDeQuery", "08-SG-LeerDeQuery\08-SG-LeerDeQuery.csproj", "{76085F0F-0D2F-4DA8-AC21-A4E4F09E0FEE}"
EndProject
Global
	GlobalSection(SolutionConfigurationPlatforms) = preSolution
		Debug|Any CPU = Debug|Any CPU
		Release|Any CPU = Release|Any CPU
	EndGlobalSection
	GlobalSection(ProjectConfigurationPlatforms) = postSolution
		{76085F0F-0D2F-4DA8-AC21-A4E4F09E0FEE}.Debug|Any CPU.ActiveCfg = Debug|Any CPU
		{76085F0F-0D2F-4DA8-AC21-A4E4F09E0FEE}.Debug|Any CPU.Build.0 = Debug|Any CPU
		{76085F0F-0D2F-4DA8-AC21-A4E4F09E0FEE}.Release|Any CPU.ActiveCfg = Release|Any CPU
		{76085F0F-0D2F-4DA8-AC21-A4E4F09E0FEE}.Release|Any CPU.Build.0 = Release|Any CPU
	EndGlobalSection
	GlobalSection(SolutionProperties) = preSolution
		HideSolutionNode = FALSE
	EndGlobalSection
	GlobalSection(ExtensibilityGlobals) = postSolution
		SolutionGuid = {B23B9EE4-0C81-46D8-BD4C-E290AE53C417}
	EndGlobalSection
EndGlobal
