
Microsoft Visual Studio Solution File, Format Version 12.00
# Visual Studio 15
VisualStudioVersion = 15.0.26730.16
MinimumVisualStudioVersion = 10.0.40219.1
Project("{FAE04EC0-301F-11D3-BF4B-00C04F79EFBC}") = "02-HelloWorld-MVC", "02-HelloWorld-MVC\02-HelloWorld-MVC.csproj", "{EEF53C69-03FA-4B2B-8FDD-1F1795A6D7FA}"
EndProject
Global
	GlobalSection(SolutionConfigurationPlatforms) = preSolution
		Debug|Any CPU = Debug|Any CPU
		Release|Any CPU = Release|Any CPU
	EndGlobalSection
	GlobalSection(ProjectConfigurationPlatforms) = postSolution
		{EEF53C69-03FA-4B2B-8FDD-1F1795A6D7FA}.Debug|Any CPU.ActiveCfg = Debug|Any CPU
		{EEF53C69-03FA-4B2B-8FDD-1F1795A6D7FA}.Debug|Any CPU.Build.0 = Debug|Any CPU
		{EEF53C69-03FA-4B2B-8FDD-1F1795A6D7FA}.Release|Any CPU.ActiveCfg = Release|Any CPU
		{EEF53C69-03FA-4B2B-8FDD-1F1795A6D7FA}.Release|Any CPU.Build.0 = Release|Any CPU
	EndGlobalSection
	GlobalSection(SolutionProperties) = preSolution
		HideSolutionNode = FALSE
	EndGlobalSection
	GlobalSection(ExtensibilityGlobals) = postSolution
		SolutionGuid = {7A4C13D8-8045-424D-A215-8B1F64773518}
	EndGlobalSection
EndGlobal
