
Microsoft Visual Studio Solution File, Format Version 12.00
# Visual Studio 15
VisualStudioVersion = 15.0.26730.16
MinimumVisualStudioVersion = 10.0.40219.1
Project("{FAE04EC0-301F-11D3-BF4B-00C04F79EFBC}") = "DataAnnotation", "DataAnnotation\DataAnnotation.csproj", "{A255A292-1D77-457B-AF16-401798FB4150}"
EndProject
Project("{FAE04EC0-301F-11D3-BF4B-00C04F79EFBC}") = "Entidades", "Entidades\Entidades.csproj", "{907937E2-009D-41F1-8A84-E0D01C8B586B}"
EndProject
Global
	GlobalSection(SolutionConfigurationPlatforms) = preSolution
		Debug|Any CPU = Debug|Any CPU
		Release|Any CPU = Release|Any CPU
	EndGlobalSection
	GlobalSection(ProjectConfigurationPlatforms) = postSolution
		{A255A292-1D77-457B-AF16-401798FB4150}.Debug|Any CPU.ActiveCfg = Debug|Any CPU
		{A255A292-1D77-457B-AF16-401798FB4150}.Debug|Any CPU.Build.0 = Debug|Any CPU
		{A255A292-1D77-457B-AF16-401798FB4150}.Release|Any CPU.ActiveCfg = Release|Any CPU
		{A255A292-1D77-457B-AF16-401798FB4150}.Release|Any CPU.Build.0 = Release|Any CPU
		{907937E2-009D-41F1-8A84-E0D01C8B586B}.Debug|Any CPU.ActiveCfg = Debug|Any CPU
		{907937E2-009D-41F1-8A84-E0D01C8B586B}.Debug|Any CPU.Build.0 = Debug|Any CPU
		{907937E2-009D-41F1-8A84-E0D01C8B586B}.Release|Any CPU.ActiveCfg = Release|Any CPU
		{907937E2-009D-41F1-8A84-E0D01C8B586B}.Release|Any CPU.Build.0 = Release|Any CPU
	EndGlobalSection
	GlobalSection(SolutionProperties) = preSolution
		HideSolutionNode = FALSE
	EndGlobalSection
	GlobalSection(ExtensibilityGlobals) = postSolution
		SolutionGuid = {7819F6CD-EB43-4586-B021-F2EF7D9FDCCD}
	EndGlobalSection
EndGlobal
